
Microsoft Visual Studio Solution File, Format Version 12.00
# Visual Studio Version 17
VisualStudioVersion = 17.14.36121.58 d17.14
MinimumVisualStudioVersion = 10.0.40219.1
Project("{FAE04EC0-301F-11D3-BF4B-00C04F79EFBC}") = "fichaRpg", "fichaRpg.csproj", "{4D885830-19EB-45BA-A539-7E9E623B42EA}"
EndProject
Global
	GlobalSection(SolutionConfigurationPlatforms) = preSolution
		Debug|Any CPU = Debug|Any CPU
		Release|Any CPU = Release|Any CPU
	EndGlobalSection
	GlobalSection(ProjectConfigurationPlatforms) = postSolution
		{4D885830-19EB-45BA-A539-7E9E623B42EA}.Debug|Any CPU.ActiveCfg = Debug|Any CPU
		{4D885830-19EB-45BA-A539-7E9E623B42EA}.Debug|Any CPU.Build.0 = Debug|Any CPU
		{4D885830-19EB-45BA-A539-7E9E623B42EA}.Release|Any CPU.ActiveCfg = Release|Any CPU
		{4D885830-19EB-45BA-A539-7E9E623B42EA}.Release|Any CPU.Build.0 = Release|Any CPU
	EndGlobalSection
	GlobalSection(SolutionProperties) = preSolution
		HideSolutionNode = FALSE
	EndGlobalSection
	GlobalSection(ExtensibilityGlobals) = postSolution
		SolutionGuid = {032FD163-5950-42A2-817F-8C02AF603E67}
	EndGlobalSection
EndGlobal
